
Microsoft Visual Studio Solution File, Format Version 12.00
# Visual Studio Version 16
VisualStudioVersion = 16.0.30517.126
MinimumVisualStudioVersion = 10.0.40219.1
Project("{FAE04EC0-301F-11D3-BF4B-00C04F79EFBC}") = "File Name Converter", "File Name Converter\File Name Converter.csproj", "{6289C4BF-853B-407F-A1D4-9A88411DB7EC}"
EndProject
Global
	GlobalSection(SolutionConfigurationPlatforms) = preSolution
		Debug|Any CPU = Debug|Any CPU
		Release|Any CPU = Release|Any CPU
	EndGlobalSection
	GlobalSection(ProjectConfigurationPlatforms) = postSolution
		{6289C4BF-853B-407F-A1D4-9A88411DB7EC}.Debug|Any CPU.ActiveCfg = Debug|Any CPU
		{6289C4BF-853B-407F-A1D4-9A88411DB7EC}.Debug|Any CPU.Build.0 = Debug|Any CPU
		{6289C4BF-853B-407F-A1D4-9A88411DB7EC}.Release|Any CPU.ActiveCfg = Release|Any CPU
		{6289C4BF-853B-407F-A1D4-9A88411DB7EC}.Release|Any CPU.Build.0 = Release|Any CPU
	EndGlobalSection
	GlobalSection(SolutionProperties) = preSolution
		HideSolutionNode = FALSE
	EndGlobalSection
	GlobalSection(ExtensibilityGlobals) = postSolution
		SolutionGuid = {124A1ACF-C456-44C1-A521-6B7CCA2C55DC}
	EndGlobalSection
EndGlobal
